
Microsoft Visual Studio Solution File, Format Version 12.00
# Visual Studio 2013
VisualStudioVersion = 12.0.40629.0
MinimumVisualStudioVersion = 10.0.40219.1
Project("{FAE04EC0-301F-11D3-BF4B-00C04F79EFBC}") = "GatherContent.Connector.Service", "GatherContent.Connector.Service\GatherContent.Connector.Service.csproj", "{D860F6DB-8DD5-4257-B97C-E54E8C88808B}"
EndProject
Project("{FAE04EC0-301F-11D3-BF4B-00C04F79EFBC}") = "GatherContent.Connector.Website", "Sitecore\Website\GatherContent.Connector.Website.csproj", "{0B99B2EC-225D-4373-A383-DD762684EDE4}"
EndProject
Global
	GlobalSection(SolutionConfigurationPlatforms) = preSolution
		Debug|Any CPU = Debug|Any CPU
		Release|Any CPU = Release|Any CPU
	EndGlobalSection
	GlobalSection(ProjectConfigurationPlatforms) = postSolution
		{D860F6DB-8DD5-4257-B97C-E54E8C88808B}.Debug|Any CPU.ActiveCfg = Debug|Any CPU
		{D860F6DB-8DD5-4257-B97C-E54E8C88808B}.Debug|Any CPU.Build.0 = Debug|Any CPU
		{D860F6DB-8DD5-4257-B97C-E54E8C88808B}.Release|Any CPU.ActiveCfg = Release|Any CPU
		{D860F6DB-8DD5-4257-B97C-E54E8C88808B}.Release|Any CPU.Build.0 = Release|Any CPU
		{0B99B2EC-225D-4373-A383-DD762684EDE4}.Debug|Any CPU.ActiveCfg = Debug|Any CPU
		{0B99B2EC-225D-4373-A383-DD762684EDE4}.Debug|Any CPU.Build.0 = Debug|Any CPU
		{0B99B2EC-225D-4373-A383-DD762684EDE4}.Release|Any CPU.ActiveCfg = Release|Any CPU
		{0B99B2EC-225D-4373-A383-DD762684EDE4}.Release|Any CPU.Build.0 = Release|Any CPU
	EndGlobalSection
	GlobalSection(SolutionProperties) = preSolution
		HideSolutionNode = FALSE
	EndGlobalSection
EndGlobal
